// !$*UTF8*$!
{
	archiveVersion = 1;
	classes = {
	};
	objectVersion = 46;
	objects = {

/* Begin PBXBuildFile section */
		728C03E014BEA2B500556DAD /* UIKit.framework in Frameworks */ = {isa = PBXBuildFile; fileRef = 728C03DF14BEA2B500556DAD /* UIKit.framework */; };
		728C03E214BEA2B500556DAD /* Foundation.framework in Frameworks */ = {isa = PBXBuildFile; fileRef = 728C03E114BEA2B500556DAD /* Foundation.framework */; };
		728C03E414BEA2B500556DAD /* CoreGraphics.framework in Frameworks */ = {isa = PBXBuildFile; fileRef = 728C03E314BEA2B500556DAD /* CoreGraphics.framework */; };
		728C03EA14BEA2B500556DAD /* InfoPlist.strings in Resources */ = {isa = PBXBuildFile; fileRef = 728C03E814BEA2B500556DAD /* InfoPlist.strings */; };
		728C03EC14BEA2B500556DAD /* main.m in Sources */ = {isa = PBXBuildFile; fileRef = 728C03EB14BEA2B500556DAD /* main.m */; };
		728C03F014BEA2B500556DAD /* AppDelegate.m in Sources */ = {isa = PBXBuildFile; fileRef = 728C03EF14BEA2B500556DAD /* AppDelegate.m */; };
		728C03F314BEA2B500556DAD /* ViewController.m in Sources */ = {isa = PBXBuildFile; fileRef = 728C03F214BEA2B500556DAD /* ViewController.m */; };
		728C03F614BEA2B500556DAD /* ViewController.xib in Resources */ = {isa = PBXBuildFile; fileRef = 728C03F414BEA2B500556DAD /* ViewController.xib */; };
/* End PBXBuildFile section */

/* Begin PBXFileReference section */
		728C03DB14BEA2B500556DAD /* Webbb.app */ = {isa = PBXFileReference; explicitFileType = wrapper.application; includeInIndex = 0; path = Webbb.app; sourceTree = BUILT_PRODUCTS_DIR; };
		728C03DF14BEA2B500556DAD /* UIKit.framework */ = {isa = PBXFileReference; lastKnownFileType = wrapper.framework; name = UIKit.framework; path = System/Library/Frameworks/UIKit.framework; sourceTree = SDKROOT; };
		728C03E114BEA2B500556DAD /* Foundation.framework */ = {isa = PBXFileReference; lastKnownFileType = wrapper.framework; name = Foundation.framework; path = System/Library/Frameworks/Foundation.framework; sourceTree = SDKROOT; };
		728C03E314BEA2B500556DAD /* CoreGraphics.framework */ = {isa = PBXFileReference; lastKnownFileType = wrapper.framework; name = CoreGraphics.framework; path = System/Library/Frameworks/CoreGraphics.framework; sourceTree = SDKROOT; };
		728C03E714BEA2B500556DAD /* Webbb-Info.plist */ = {isa = PBXFileReference; path = "Webbb-Info.plist"; sourceTree = "<group>"; };
		728C03E914BEA2B500556DAD /* en */ = {isa = PBXFileReference; lastKnownFileType = text.plist.strings; name = en; path = en.lproj/InfoPlist.strings; sourceTree = "<group>"; };
		728C03EB14BEA2B500556DAD /* main.m */ = {isa = PBXFileReference; lastKnownFileType = sourcecode.c.objc; path = main.m; sourceTree = "<group>"; };
		728C03ED14BEA2B500556DAD /* Webbb-Prefix.pch */ = {isa = PBXFileReference; path = "Webbb-Prefix.pch"; sourceTree = "<group>"; };
		728C03EE14BEA2B500556DAD /* AppDelegate.h */ = {isa = PBXFileReference; path = AppDelegate.h; sourceTree = "<group>"; };
		728C03EF14BEA2B500556DAD /* AppDelegate.m */ = {isa = PBXFileReference; lastKnownFileType = sourcecode.c.objc; path = AppDelegate.m; sourceTree = "<group>"; };
		728C03F114BEA2B500556DAD /* ViewController.h */ = {isa = PBXFileReference; path = ViewController.h; sourceTree = "<group>"; };
		728C03F214BEA2B500556DAD /* ViewController.m */ = {isa = PBXFileReference; lastKnownFileType = sourcecode.c.objc; path = ViewController.m; sourceTree = "<group>"; };
		728C03F514BEA2B500556DAD /* en */ = {isa = PBXFileReference; lastKnownFileType = file.xib; name = en; path = en.lproj/ViewController.xib; sourceTree = "<group>"; };
/* End PBXFileReference section */

/* Begin PBXFrameworksBuildPhase section */
		728C03D814BEA2B500556DAD /* Frameworks */ = {
			isa = PBXFrameworksBuildPhase;
			buildActionMask = 2147483647;
			files = (
				728C03E014BEA2B500556DAD /* UIKit.framework in Frameworks */,
				728C03E214BEA2B500556DAD /* Foundation.framework in Frameworks */,
				728C03E414BEA2B500556DAD /* CoreGraphics.framework in Frameworks */,
			);
			runOnlyForDeploymentPostprocessing = 0;
		};
/* End PBXFrameworksBuildPhase section */

/* Begin PBXGroup section */
		728C03D014BEA2B500556DAD = {
			isa = PBXGroup;
			children = (
				728C03E514BEA2B500556DAD /* Webbb */,
				728C03DE14BEA2B500556DAD /* Frameworks */,
				728C03DC14BEA2B500556DAD /* Products */,
			);
			sourceTree = "<group>";
		};
		728C03DC14BEA2B500556DAD /* Products */ = {
			isa = PBXGroup;
			children = (
				728C03DB14BEA2B500556DAD /* Webbb.app */,
			);
			name = Products;
			sourceTree = "<group>";
		};
		728C03DE14BEA2B500556DAD /* Frameworks */ = {
			isa = PBXGroup;
			children = (
				728C03DF14BEA2B500556DAD /* UIKit.framework */,
				728C03E114BEA2B500556DAD /* Foundation.framework */,
				728C03E314BEA2B500556DAD /* CoreGraphics.framework */,
			);
			name = Frameworks;
			sourceTree = "<group>";
		};
		728C03E514BEA2B500556DAD /* Webbb */ = {
			isa = PBXGroup;
			children = (
				728C03EE14BEA2B500556DAD /* AppDelegate.h */,
				728C03EF14BEA2B500556DAD /* AppDelegate.m */,
				728C03F114BEA2B500556DAD /* ViewController.h */,
				728C03F214BEA2B500556DAD /* ViewController.m */,
				728C03F414BEA2B500556DAD /* ViewController.xib */,
				728C03E614BEA2B500556DAD /* Supporting Files */,
			);
			path = Webbb;
			sourceTree = "<group>";
		};
		728C03E614BEA2B500556DAD /* Supporting Files */ = {
			isa = PBXGroup;
			children = (
				728C03E714BEA2B500556DAD /* Webbb-Info.plist */,
				728C03E814BEA2B500556DAD /* InfoPlist.strings */,
				728C03EB14BEA2B500556DAD /* main.m */,
				728C03ED14BEA2B500556DAD /* Webbb-Prefix.pch */,
			);
			name = "Supporting Files";
			sourceTree = "<group>";
		};
/* End PBXGroup section */

/* Begin PBXNativeTarget section */
		728C03DA14BEA2B500556DAD /* Webbb */ = {
			isa = PBXNativeTarget;
			buildConfigurationList = 728C03F914BEA2B500556DAD /* Build configuration list for PBXNativeTarget "Webbb" */;
			buildPhases = (
				728C03D714BEA2B500556DAD /* Sources */,
				728C03D814BEA2B500556DAD /* Frameworks */,
				728C03D914BEA2B500556DAD /* Resources */,
			);
			buildRules = (
			);
			dependencies = (
			);
			name = Webbb;
			productName = Webbb;
			productReference = 728C03DB14BEA2B500556DAD /* Webbb.app */;
			productType = "com.apple.product-type.application";
		};
/* End PBXNativeTarget section */

/* Begin PBXProject section */
		728C03D214BEA2B500556DAD /* Project object */ = {
			isa = PBXProject;
			attributes = {
				LastUpgradeCheck = 0420;
				ORGANIZATIONNAME = "University of Waterloo";
			};
			buildConfigurationList = 728C03D514BEA2B500556DAD /* Build configuration list for PBXProject "Webbb" */;
			compatibilityVersion = "Xcode 3.2";
			developmentRegion = English;
			hasScannedForEncodings = 0;
			knownRegions = (
				en,
			);
			mainGroup = 728C03D014BEA2B500556DAD;
			productRefGroup = 728C03DC14BEA2B500556DAD /* Products */;
			projectDirPath = "";
			projectRoot = "";
			targets = (
				728C03DA14BEA2B500556DAD /* Webbb */,
			);
		};
/* End PBXProject section */

/* Begin PBXResourcesBuildPhase section */
		728C03D914BEA2B500556DAD /* Resources */ = {
			isa = PBXResourcesBuildPhase;
			buildActionMask = 2147483647;
			files = (
				728C03EA14BEA2B500556DAD /* InfoPlist.strings in Resources */,
				728C03F614BEA2B500556DAD /* ViewController.xib in Resources */,
			);
			runOnlyForDeploymentPostprocessing = 0;
		};
/* End PBXResourcesBuildPhase section */

/* Begin PBXSourcesBuildPhase section */
		728C03D714BEA2B500556DAD /* Sources */ = {
			isa = PBXSourcesBuildPhase;
			buildActionMask = 2147483647;
			files = (
				728C03EC14BEA2B500556DAD /* main.m in Sources */,
				728C03F014BEA2B500556DAD /* AppDelegate.m in Sources */,
				728C03F314BEA2B500556DAD /* ViewController.m in Sources */,
			);
			runOnlyForDeploymentPostprocessing = 0;
		};
/* End PBXSourcesBuildPhase section */

/* Begin PBXVariantGroup section */
		728C03E814BEA2B500556DAD /* InfoPlist.strings */ = {
			isa = PBXVariantGroup;
			children = (
				728C03E914BEA2B500556DAD /* en */,
			);
			name = InfoPlist.strings;
			sourceTree = "<group>";
		};
		728C03F414BEA2B500556DAD /* ViewController.xib */ = {
			isa = PBXVariantGroup;
			children = (
				728C03F514BEA2B500556DAD /* en */,
			);
			name = ViewController.xib;
			sourceTree = "<group>";
		};
/* End PBXVariantGroup section */

/* Begin XCBuildConfiguration section */
		728C03F714BEA2B500556DAD /* Debug */ = {
			isa = XCBuildConfiguration;
			buildSettings = {
				ALWAYS_SEARCH_USER_PATHS = NO;
				ARCHS = "$(ARCHS_STANDARD_32_BIT)";
				CLANG_ENABLE_OBJC_ARC = YES;
				"CODE_SIGN_IDENTITY[sdk=iphoneos*]" = "iPhone Developer";
				COPY_PHASE_STRIP = NO;
				GCC_C_LANGUAGE_STANDARD = gnu99;
				GCC_DYNAMIC_NO_PIC = NO;
				GCC_OPTIMIZATION_LEVEL = 0;
				GCC_PREPROCESSOR_DEFINITIONS = (
					"DEBUG=1",
					"$(inherited)",
				);
				GCC_SYMBOLS_PRIVATE_EXTERN = NO;
				GCC_VERSION = com.apple.compilers.llvm.clang.1_0;
				GCC_WARN_ABOUT_MISSING_PROTOTYPES = YES;
				GCC_WARN_ABOUT_RETURN_TYPE = YES;
				GCC_WARN_UNUSED_VARIABLE = YES;
				IPHONEOS_DEPLOYMENT_TARGET = 5.0;
				SDKROOT = iphoneos;
			};
			name = Debug;
		};
		728C03F814BEA2B500556DAD /* Release */ = {
			isa = XCBuildConfiguration;
			buildSettings = {
				ALWAYS_SEARCH_USER_PATHS = NO;
				ARCHS = "$(ARCHS_STANDARD_32_BIT)";
				CLANG_ENABLE_OBJC_ARC = YES;
				"CODE_SIGN_IDENTITY[sdk=iphoneos*]" = "iPhone Developer";
				COPY_PHASE_STRIP = YES;
				GCC_C_LANGUAGE_STANDARD = gnu99;
				GCC_VERSION = com.apple.compilers.llvm.clang.1_0;
				GCC_WARN_ABOUT_MISSING_PROTOTYPES = YES;
				GCC_WARN_ABOUT_RETURN_TYPE = YES;
				GCC_WARN_UNUSED_VARIABLE = YES;
				IPHONEOS_DEPLOYMENT_TARGET = 5.0;
				OTHER_CFLAGS = "-DNS_BLOCK_ASSERTIONS=1";
				SDKROOT = iphoneos;
				VALIDATE_PRODUCT = YES;
			};
			name = Release;
		};
		728C03FA14BEA2B500556DAD /* Debug */ = {
			isa = XCBuildConfiguration;
			buildSettings = {
				GCC_PRECOMPILE_PREFIX_HEADER = YES;
				GCC_PREFIX_HEADER = "Webbb/Webbb-Prefix.pch";
				INFOPLIST_FILE = "Webbb/Webbb-Info.plist";
				PRODUCT_NAME = "$(TARGET_NAME)";
				WRAPPER_EXTENSION = app;
			};
			name = Debug;
		};
		728C03FB14BEA2B500556DAD /* Release */ = {
			isa = XCBuildConfiguration;
			buildSettings = {
				GCC_PRECOMPILE_PREFIX_HEADER = YES;
				GCC_PREFIX_HEADER = "Webbb/Webbb-Prefix.pch";
				INFOPLIST_FILE = "Webbb/Webbb-Info.plist";
				PRODUCT_NAME = "$(TARGET_NAME)";
				WRAPPER_EXTENSION = app;
			};
			name = Release;
		};
/* End XCBuildConfiguration section */

/* Begin XCConfigurationList section */
		728C03D514BEA2B500556DAD /* Build configuration list for PBXProject "Webbb" */ = {
			isa = XCConfigurationList;
			buildConfigurations = (
				728C03F714BEA2B500556DAD /* Debug */,
				728C03F814BEA2B500556DAD /* Release */,
			);
			defaultConfigurationIsVisible = 0;
			defaultConfigurationName = Release;
		};
		728C03F914BEA2B500556DAD /* Build configuration list for PBXNativeTarget "Webbb" */ = {
			isa = XCConfigurationList;
			buildConfigurations = (
				728C03FA14BEA2B500556DAD /* Debug */,
				728C03FB14BEA2B500556DAD /* Release */,
			);
			defaultConfigurationIsVisible = 0;
		};
/* End XCConfigurationList section */
	};
	rootObject = 728C03D214BEA2B500556DAD /* Project object */;
}
