// !$*UTF8*$!
{
	archiveVersion = 1;
	classes = {
	};
	objectVersion = 46;
	objects = {

/* Begin PBXBuildFile section */
		722E089314C0D8C400BC446D /* GallerryPickerViewController.m in Sources */ = {isa = PBXBuildFile; fileRef = 722E089114C0D8C400BC446D /* GallerryPickerViewController.m */; };
		722E089414C0D8C400BC446D /* GallerryPickerViewController.xib in Resources */ = {isa = PBXBuildFile; fileRef = 722E089214C0D8C400BC446D /* GallerryPickerViewController.xib */; };
		72524AAB14C0EC3A0063C794 /* App Icon small.png in Resources */ = {isa = PBXBuildFile; fileRef = 72524AA914C0EC3A0063C794 /* App Icon small.png */; };
		72524AAC14C0EC3A0063C794 /* App Icon.png in Resources */ = {isa = PBXBuildFile; fileRef = 72524AAA14C0EC3A0063C794 /* App Icon.png */; };
		728C03E014BEA2B500556DAD /* UIKit.framework in Frameworks */ = {isa = PBXBuildFile; fileRef = 728C03DF14BEA2B500556DAD /* UIKit.framework */; };
		728C03E214BEA2B500556DAD /* Foundation.framework in Frameworks */ = {isa = PBXBuildFile; fileRef = 728C03E114BEA2B500556DAD /* Foundation.framework */; };
		728C03E414BEA2B500556DAD /* CoreGraphics.framework in Frameworks */ = {isa = PBXBuildFile; fileRef = 728C03E314BEA2B500556DAD /* CoreGraphics.framework */; };
		728C03EA14BEA2B500556DAD /* InfoPlist.strings in Resources */ = {isa = PBXBuildFile; fileRef = 728C03E814BEA2B500556DAD /* InfoPlist.strings */; };
		728C03EC14BEA2B500556DAD /* main.m in Sources */ = {isa = PBXBuildFile; fileRef = 728C03EB14BEA2B500556DAD /* main.m */; };
		728C03F014BEA2B500556DAD /* AppDelegate.m in Sources */ = {isa = PBXBuildFile; fileRef = 728C03EF14BEA2B500556DAD /* AppDelegate.m */; };
		728C03F314BEA2B500556DAD /* ViewController.m in Sources */ = {isa = PBXBuildFile; fileRef = 728C03F214BEA2B500556DAD /* ViewController.m */; };
		728C03F614BEA2B500556DAD /* ViewController.xib in Resources */ = {isa = PBXBuildFile; fileRef = 728C03F414BEA2B500556DAD /* ViewController.xib */; };
		72CC7BF514C6261700E4091C /* QuartzCore.framework in Frameworks */ = {isa = PBXBuildFile; fileRef = 72CC7BF414C6261700E4091C /* QuartzCore.framework */; };
		72CC7BF914C64DAB00E4091C /* loading_background.png in Resources */ = {isa = PBXBuildFile; fileRef = 72CC7BF814C64DAB00E4091C /* loading_background.png */; };
		72EBE74D14BEA6F60066C85E /* NSObject+SBJson.m in Sources */ = {isa = PBXBuildFile; fileRef = 72EBE73514BEA6F60066C85E /* NSObject+SBJson.m */; };
		72EBE74E14BEA6F60066C85E /* SBJsonParser.m in Sources */ = {isa = PBXBuildFile; fileRef = 72EBE73814BEA6F60066C85E /* SBJsonParser.m */; };
		72EBE74F14BEA6F60066C85E /* SBJsonStreamParser.m in Sources */ = {isa = PBXBuildFile; fileRef = 72EBE73A14BEA6F60066C85E /* SBJsonStreamParser.m */; };
		72EBE75014BEA6F60066C85E /* SBJsonStreamParserAccumulator.m in Sources */ = {isa = PBXBuildFile; fileRef = 72EBE73C14BEA6F60066C85E /* SBJsonStreamParserAccumulator.m */; };
		72EBE75114BEA6F60066C85E /* SBJsonStreamParserAdapter.m in Sources */ = {isa = PBXBuildFile; fileRef = 72EBE73E14BEA6F60066C85E /* SBJsonStreamParserAdapter.m */; };
		72EBE75214BEA6F60066C85E /* SBJsonStreamParserState.m in Sources */ = {isa = PBXBuildFile; fileRef = 72EBE74014BEA6F60066C85E /* SBJsonStreamParserState.m */; };
		72EBE75314BEA6F60066C85E /* SBJsonStreamWriter.m in Sources */ = {isa = PBXBuildFile; fileRef = 72EBE74214BEA6F60066C85E /* SBJsonStreamWriter.m */; };
		72EBE75414BEA6F60066C85E /* SBJsonStreamWriterAccumulator.m in Sources */ = {isa = PBXBuildFile; fileRef = 72EBE74414BEA6F60066C85E /* SBJsonStreamWriterAccumulator.m */; };
		72EBE75514BEA6F60066C85E /* SBJsonStreamWriterState.m in Sources */ = {isa = PBXBuildFile; fileRef = 72EBE74614BEA6F60066C85E /* SBJsonStreamWriterState.m */; };
		72EBE75614BEA6F60066C85E /* SBJsonTokeniser.m in Sources */ = {isa = PBXBuildFile; fileRef = 72EBE74814BEA6F60066C85E /* SBJsonTokeniser.m */; };
		72EBE75714BEA6F60066C85E /* SBJsonUTF8Stream.m in Sources */ = {isa = PBXBuildFile; fileRef = 72EBE74A14BEA6F60066C85E /* SBJsonUTF8Stream.m */; };
		72EBE75814BEA6F60066C85E /* SBJsonWriter.m in Sources */ = {isa = PBXBuildFile; fileRef = 72EBE74C14BEA6F60066C85E /* SBJsonWriter.m */; };
		72EBE76114BEA8B00066C85E /* background.png in Resources */ = {isa = PBXBuildFile; fileRef = 72EBE76014BEA8B00066C85E /* background.png */; };
		72FF7E0414BF87350068EAB4 /* CaptionViewController.m in Sources */ = {isa = PBXBuildFile; fileRef = 72FF7E0214BF87350068EAB4 /* CaptionViewController.m */; };
		72FF7E0514BF87350068EAB4 /* CaptionViewController.xib in Resources */ = {isa = PBXBuildFile; fileRef = 72FF7E0314BF87350068EAB4 /* CaptionViewController.xib */; };
		72FF7E1214C02C480068EAB4 /* Imgur_Logo.png in Resources */ = {isa = PBXBuildFile; fileRef = 72FF7E1114C02C480068EAB4 /* Imgur_Logo.png */; };
/* End PBXBuildFile section */

/* Begin PBXFileReference section */
		722E089014C0D8C400BC446D /* GallerryPickerViewController.h */ = {isa = PBXFileReference; fileEncoding = 4; lastKnownFileType = sourcecode.c.h; name = GallerryPickerViewController.h; path = ../GallerryPickerViewController.h; sourceTree = "<group>"; };
		722E089114C0D8C400BC446D /* GallerryPickerViewController.m */ = {isa = PBXFileReference; fileEncoding = 4; lastKnownFileType = sourcecode.c.objc; name = GallerryPickerViewController.m; path = ../GallerryPickerViewController.m; sourceTree = "<group>"; };
		722E089214C0D8C400BC446D /* GallerryPickerViewController.xib */ = {isa = PBXFileReference; fileEncoding = 4; lastKnownFileType = file.xib; name = GallerryPickerViewController.xib; path = ../GallerryPickerViewController.xib; sourceTree = "<group>"; };
		72524AA914C0EC3A0063C794 /* App Icon small.png */ = {isa = PBXFileReference; lastKnownFileType = image.png; path = "App Icon small.png"; sourceTree = "<group>"; };
		72524AAA14C0EC3A0063C794 /* App Icon.png */ = {isa = PBXFileReference; lastKnownFileType = image.png; path = "App Icon.png"; sourceTree = "<group>"; };
		728C03DB14BEA2B500556DAD /* ImgurViewer.app */ = {isa = PBXFileReference; explicitFileType = wrapper.application; includeInIndex = 0; path = ImgurViewer.app; sourceTree = BUILT_PRODUCTS_DIR; };
		728C03DF14BEA2B500556DAD /* UIKit.framework */ = {isa = PBXFileReference; lastKnownFileType = wrapper.framework; name = UIKit.framework; path = System/Library/Frameworks/UIKit.framework; sourceTree = SDKROOT; };
		728C03E114BEA2B500556DAD /* Foundation.framework */ = {isa = PBXFileReference; lastKnownFileType = wrapper.framework; name = Foundation.framework; path = System/Library/Frameworks/Foundation.framework; sourceTree = SDKROOT; };
		728C03E314BEA2B500556DAD /* CoreGraphics.framework */ = {isa = PBXFileReference; lastKnownFileType = wrapper.framework; name = CoreGraphics.framework; path = System/Library/Frameworks/CoreGraphics.framework; sourceTree = SDKROOT; };
		728C03E714BEA2B500556DAD /* ImgurViewer-Info.plist */ = {isa = PBXFileReference; lastKnownFileType = text.plist.xml; path = "ImgurViewer-Info.plist"; sourceTree = "<group>"; };
		728C03E914BEA2B500556DAD /* en */ = {isa = PBXFileReference; lastKnownFileType = text.plist.strings; name = en; path = en.lproj/InfoPlist.strings; sourceTree = "<group>"; };
		728C03EB14BEA2B500556DAD /* main.m */ = {isa = PBXFileReference; lastKnownFileType = sourcecode.c.objc; path = main.m; sourceTree = "<group>"; };
		728C03ED14BEA2B500556DAD /* ImgurViewer-Prefix.pch */ = {isa = PBXFileReference; lastKnownFileType = sourcecode.c.h; path = "ImgurViewer-Prefix.pch"; sourceTree = "<group>"; };
		728C03EE14BEA2B500556DAD /* AppDelegate.h */ = {isa = PBXFileReference; lastKnownFileType = sourcecode.c.h; path = AppDelegate.h; sourceTree = "<group>"; };
		728C03EF14BEA2B500556DAD /* AppDelegate.m */ = {isa = PBXFileReference; lastKnownFileType = sourcecode.c.objc; path = AppDelegate.m; sourceTree = "<group>"; };
		728C03F114BEA2B500556DAD /* ViewController.h */ = {isa = PBXFileReference; lastKnownFileType = sourcecode.c.h; path = ViewController.h; sourceTree = "<group>"; };
		728C03F214BEA2B500556DAD /* ViewController.m */ = {isa = PBXFileReference; lastKnownFileType = sourcecode.c.objc; path = ViewController.m; sourceTree = "<group>"; };
		728C03F514BEA2B500556DAD /* en */ = {isa = PBXFileReference; lastKnownFileType = file.xib; name = en; path = en.lproj/ViewController.xib; sourceTree = "<group>"; };
		72CC7BF414C6261700E4091C /* QuartzCore.framework */ = {isa = PBXFileReference; lastKnownFileType = wrapper.framework; name = QuartzCore.framework; path = System/Library/Frameworks/QuartzCore.framework; sourceTree = SDKROOT; };
		72CC7BF814C64DAB00E4091C /* loading_background.png */ = {isa = PBXFileReference; lastKnownFileType = image.png; path = loading_background.png; sourceTree = "<group>"; };
		72EBE73414BEA6F60066C85E /* NSObject+SBJson.h */ = {isa = PBXFileReference; fileEncoding = 4; lastKnownFileType = sourcecode.c.h; path = "NSObject+SBJson.h"; sourceTree = "<group>"; };
		72EBE73514BEA6F60066C85E /* NSObject+SBJson.m */ = {isa = PBXFileReference; fileEncoding = 4; lastKnownFileType = sourcecode.c.objc; path = "NSObject+SBJson.m"; sourceTree = "<group>"; };
		72EBE73614BEA6F60066C85E /* SBJson.h */ = {isa = PBXFileReference; fileEncoding = 4; lastKnownFileType = sourcecode.c.h; path = SBJson.h; sourceTree = "<group>"; };
		72EBE73714BEA6F60066C85E /* SBJsonParser.h */ = {isa = PBXFileReference; fileEncoding = 4; lastKnownFileType = sourcecode.c.h; path = SBJsonParser.h; sourceTree = "<group>"; };
		72EBE73814BEA6F60066C85E /* SBJsonParser.m */ = {isa = PBXFileReference; fileEncoding = 4; lastKnownFileType = sourcecode.c.objc; path = SBJsonParser.m; sourceTree = "<group>"; };
		72EBE73914BEA6F60066C85E /* SBJsonStreamParser.h */ = {isa = PBXFileReference; fileEncoding = 4; lastKnownFileType = sourcecode.c.h; path = SBJsonStreamParser.h; sourceTree = "<group>"; };
		72EBE73A14BEA6F60066C85E /* SBJsonStreamParser.m */ = {isa = PBXFileReference; fileEncoding = 4; lastKnownFileType = sourcecode.c.objc; path = SBJsonStreamParser.m; sourceTree = "<group>"; };
		72EBE73B14BEA6F60066C85E /* SBJsonStreamParserAccumulator.h */ = {isa = PBXFileReference; fileEncoding = 4; lastKnownFileType = sourcecode.c.h; path = SBJsonStreamParserAccumulator.h; sourceTree = "<group>"; };
		72EBE73C14BEA6F60066C85E /* SBJsonStreamParserAccumulator.m */ = {isa = PBXFileReference; fileEncoding = 4; lastKnownFileType = sourcecode.c.objc; path = SBJsonStreamParserAccumulator.m; sourceTree = "<group>"; };
		72EBE73D14BEA6F60066C85E /* SBJsonStreamParserAdapter.h */ = {isa = PBXFileReference; fileEncoding = 4; lastKnownFileType = sourcecode.c.h; path = SBJsonStreamParserAdapter.h; sourceTree = "<group>"; };
		72EBE73E14BEA6F60066C85E /* SBJsonStreamParserAdapter.m */ = {isa = PBXFileReference; fileEncoding = 4; lastKnownFileType = sourcecode.c.objc; path = SBJsonStreamParserAdapter.m; sourceTree = "<group>"; };
		72EBE73F14BEA6F60066C85E /* SBJsonStreamParserState.h */ = {isa = PBXFileReference; fileEncoding = 4; lastKnownFileType = sourcecode.c.h; path = SBJsonStreamParserState.h; sourceTree = "<group>"; };
		72EBE74014BEA6F60066C85E /* SBJsonStreamParserState.m */ = {isa = PBXFileReference; fileEncoding = 4; lastKnownFileType = sourcecode.c.objc; path = SBJsonStreamParserState.m; sourceTree = "<group>"; };
		72EBE74114BEA6F60066C85E /* SBJsonStreamWriter.h */ = {isa = PBXFileReference; fileEncoding = 4; lastKnownFileType = sourcecode.c.h; path = SBJsonStreamWriter.h; sourceTree = "<group>"; };
		72EBE74214BEA6F60066C85E /* SBJsonStreamWriter.m */ = {isa = PBXFileReference; fileEncoding = 4; lastKnownFileType = sourcecode.c.objc; path = SBJsonStreamWriter.m; sourceTree = "<group>"; };
		72EBE74314BEA6F60066C85E /* SBJsonStreamWriterAccumulator.h */ = {isa = PBXFileReference; fileEncoding = 4; lastKnownFileType = sourcecode.c.h; path = SBJsonStreamWriterAccumulator.h; sourceTree = "<group>"; };
		72EBE74414BEA6F60066C85E /* SBJsonStreamWriterAccumulator.m */ = {isa = PBXFileReference; fileEncoding = 4; lastKnownFileType = sourcecode.c.objc; path = SBJsonStreamWriterAccumulator.m; sourceTree = "<group>"; };
		72EBE74514BEA6F60066C85E /* SBJsonStreamWriterState.h */ = {isa = PBXFileReference; fileEncoding = 4; lastKnownFileType = sourcecode.c.h; path = SBJsonStreamWriterState.h; sourceTree = "<group>"; };
		72EBE74614BEA6F60066C85E /* SBJsonStreamWriterState.m */ = {isa = PBXFileReference; fileEncoding = 4; lastKnownFileType = sourcecode.c.objc; path = SBJsonStreamWriterState.m; sourceTree = "<group>"; };
		72EBE74714BEA6F60066C85E /* SBJsonTokeniser.h */ = {isa = PBXFileReference; fileEncoding = 4; lastKnownFileType = sourcecode.c.h; path = SBJsonTokeniser.h; sourceTree = "<group>"; };
		72EBE74814BEA6F60066C85E /* SBJsonTokeniser.m */ = {isa = PBXFileReference; fileEncoding = 4; lastKnownFileType = sourcecode.c.objc; path = SBJsonTokeniser.m; sourceTree = "<group>"; };
		72EBE74914BEA6F60066C85E /* SBJsonUTF8Stream.h */ = {isa = PBXFileReference; fileEncoding = 4; lastKnownFileType = sourcecode.c.h; path = SBJsonUTF8Stream.h; sourceTree = "<group>"; };
		72EBE74A14BEA6F60066C85E /* SBJsonUTF8Stream.m */ = {isa = PBXFileReference; fileEncoding = 4; lastKnownFileType = sourcecode.c.objc; path = SBJsonUTF8Stream.m; sourceTree = "<group>"; };
		72EBE74B14BEA6F60066C85E /* SBJsonWriter.h */ = {isa = PBXFileReference; fileEncoding = 4; lastKnownFileType = sourcecode.c.h; path = SBJsonWriter.h; sourceTree = "<group>"; };
		72EBE74C14BEA6F60066C85E /* SBJsonWriter.m */ = {isa = PBXFileReference; fileEncoding = 4; lastKnownFileType = sourcecode.c.objc; path = SBJsonWriter.m; sourceTree = "<group>"; };
		72EBE76014BEA8B00066C85E /* background.png */ = {isa = PBXFileReference; lastKnownFileType = image.png; path = background.png; sourceTree = "<group>"; };
		72FF7E0114BF87350068EAB4 /* CaptionViewController.h */ = {isa = PBXFileReference; fileEncoding = 4; lastKnownFileType = sourcecode.c.h; name = CaptionViewController.h; path = ../CaptionViewController.h; sourceTree = "<group>"; };
		72FF7E0214BF87350068EAB4 /* CaptionViewController.m */ = {isa = PBXFileReference; fileEncoding = 4; lastKnownFileType = sourcecode.c.objc; name = CaptionViewController.m; path = ../CaptionViewController.m; sourceTree = "<group>"; };
		72FF7E0314BF87350068EAB4 /* CaptionViewController.xib */ = {isa = PBXFileReference; fileEncoding = 4; lastKnownFileType = file.xib; name = CaptionViewController.xib; path = ../CaptionViewController.xib; sourceTree = "<group>"; };
		72FF7E1114C02C480068EAB4 /* Imgur_Logo.png */ = {isa = PBXFileReference; lastKnownFileType = image.png; path = Imgur_Logo.png; sourceTree = "<group>"; };
/* End PBXFileReference section */

/* Begin PBXFrameworksBuildPhase section */
		728C03D814BEA2B500556DAD /* Frameworks */ = {
			isa = PBXFrameworksBuildPhase;
			buildActionMask = 2147483647;
			files = (
				72CC7BF514C6261700E4091C /* QuartzCore.framework in Frameworks */,
				728C03E014BEA2B500556DAD /* UIKit.framework in Frameworks */,
				728C03E214BEA2B500556DAD /* Foundation.framework in Frameworks */,
				728C03E414BEA2B500556DAD /* CoreGraphics.framework in Frameworks */,
			);
			runOnlyForDeploymentPostprocessing = 0;
		};
/* End PBXFrameworksBuildPhase section */

/* Begin PBXGroup section */
		7237F58514C4218600D3ACBF /* GalleryPicker */ = {
			isa = PBXGroup;
			children = (
				722E089014C0D8C400BC446D /* GallerryPickerViewController.h */,
				722E089114C0D8C400BC446D /* GallerryPickerViewController.m */,
				722E089214C0D8C400BC446D /* GallerryPickerViewController.xib */,
			);
			name = GalleryPicker;
			sourceTree = "<group>";
		};
		7237F58714C4219600D3ACBF /* CaptionView */ = {
			isa = PBXGroup;
			children = (
				72FF7E0114BF87350068EAB4 /* CaptionViewController.h */,
				72FF7E0214BF87350068EAB4 /* CaptionViewController.m */,
				72FF7E0314BF87350068EAB4 /* CaptionViewController.xib */,
			);
			name = CaptionView;
			sourceTree = "<group>";
		};
		728C03D014BEA2B500556DAD = {
			isa = PBXGroup;
			children = (
				72CC7BF814C64DAB00E4091C /* loading_background.png */,
				72524AA914C0EC3A0063C794 /* App Icon small.png */,
				72524AAA14C0EC3A0063C794 /* App Icon.png */,
				72FF7E1114C02C480068EAB4 /* Imgur_Logo.png */,
				72EBE76014BEA8B00066C85E /* background.png */,
				72EBE73314BEA6F60066C85E /* JSON */,
				728C03E514BEA2B500556DAD /* Webbb */,
				728C03DE14BEA2B500556DAD /* Frameworks */,
				728C03DC14BEA2B500556DAD /* Products */,
			);
			sourceTree = "<group>";
		};
		728C03DC14BEA2B500556DAD /* Products */ = {
			isa = PBXGroup;
			children = (
				728C03DB14BEA2B500556DAD /* ImgurViewer.app */,
			);
			name = Products;
			sourceTree = "<group>";
		};
		728C03DE14BEA2B500556DAD /* Frameworks */ = {
			isa = PBXGroup;
			children = (
				72CC7BF414C6261700E4091C /* QuartzCore.framework */,
				728C03DF14BEA2B500556DAD /* UIKit.framework */,
				728C03E114BEA2B500556DAD /* Foundation.framework */,
				728C03E314BEA2B500556DAD /* CoreGraphics.framework */,
			);
			name = Frameworks;
			sourceTree = "<group>";
		};
		728C03E514BEA2B500556DAD /* Webbb */ = {
			isa = PBXGroup;
			children = (
				7237F58714C4219600D3ACBF /* CaptionView */,
				7237F58514C4218600D3ACBF /* GalleryPicker */,
				728C03EE14BEA2B500556DAD /* AppDelegate.h */,
				728C03EF14BEA2B500556DAD /* AppDelegate.m */,
				728C03F114BEA2B500556DAD /* ViewController.h */,
				728C03F214BEA2B500556DAD /* ViewController.m */,
				728C03F414BEA2B500556DAD /* ViewController.xib */,
				728C03E614BEA2B500556DAD /* Supporting Files */,
			);
			path = Webbb;
			sourceTree = "<group>";
		};
		728C03E614BEA2B500556DAD /* Supporting Files */ = {
			isa = PBXGroup;
			children = (
				728C03E714BEA2B500556DAD /* ImgurViewer-Info.plist */,
				728C03E814BEA2B500556DAD /* InfoPlist.strings */,
				728C03EB14BEA2B500556DAD /* main.m */,
				728C03ED14BEA2B500556DAD /* ImgurViewer-Prefix.pch */,
			);
			name = "Supporting Files";
			sourceTree = "<group>";
		};
		72EBE73314BEA6F60066C85E /* JSON */ = {
			isa = PBXGroup;
			children = (
				72EBE73414BEA6F60066C85E /* NSObject+SBJson.h */,
				72EBE73514BEA6F60066C85E /* NSObject+SBJson.m */,
				72EBE73614BEA6F60066C85E /* SBJson.h */,
				72EBE73714BEA6F60066C85E /* SBJsonParser.h */,
				72EBE73814BEA6F60066C85E /* SBJsonParser.m */,
				72EBE73914BEA6F60066C85E /* SBJsonStreamParser.h */,
				72EBE73A14BEA6F60066C85E /* SBJsonStreamParser.m */,
				72EBE73B14BEA6F60066C85E /* SBJsonStreamParserAccumulator.h */,
				72EBE73C14BEA6F60066C85E /* SBJsonStreamParserAccumulator.m */,
				72EBE73D14BEA6F60066C85E /* SBJsonStreamParserAdapter.h */,
				72EBE73E14BEA6F60066C85E /* SBJsonStreamParserAdapter.m */,
				72EBE73F14BEA6F60066C85E /* SBJsonStreamParserState.h */,
				72EBE74014BEA6F60066C85E /* SBJsonStreamParserState.m */,
				72EBE74114BEA6F60066C85E /* SBJsonStreamWriter.h */,
				72EBE74214BEA6F60066C85E /* SBJsonStreamWriter.m */,
				72EBE74314BEA6F60066C85E /* SBJsonStreamWriterAccumulator.h */,
				72EBE74414BEA6F60066C85E /* SBJsonStreamWriterAccumulator.m */,
				72EBE74514BEA6F60066C85E /* SBJsonStreamWriterState.h */,
				72EBE74614BEA6F60066C85E /* SBJsonStreamWriterState.m */,
				72EBE74714BEA6F60066C85E /* SBJsonTokeniser.h */,
				72EBE74814BEA6F60066C85E /* SBJsonTokeniser.m */,
				72EBE74914BEA6F60066C85E /* SBJsonUTF8Stream.h */,
				72EBE74A14BEA6F60066C85E /* SBJsonUTF8Stream.m */,
				72EBE74B14BEA6F60066C85E /* SBJsonWriter.h */,
				72EBE74C14BEA6F60066C85E /* SBJsonWriter.m */,
			);
			name = JSON;
			path = ../Test/JSON;
			sourceTree = "<group>";
		};
/* End PBXGroup section */

/* Begin PBXNativeTarget section */
		728C03DA14BEA2B500556DAD /* ImgurViewer */ = {
			isa = PBXNativeTarget;
			buildConfigurationList = 728C03F914BEA2B500556DAD /* Build configuration list for PBXNativeTarget "ImgurViewer" */;
			buildPhases = (
				728C03D714BEA2B500556DAD /* Sources */,
				728C03D814BEA2B500556DAD /* Frameworks */,
				728C03D914BEA2B500556DAD /* Resources */,
			);
			buildRules = (
			);
			dependencies = (
			);
			name = ImgurViewer;
			productName = Webbb;
			productReference = 728C03DB14BEA2B500556DAD /* ImgurViewer.app */;
			productType = "com.apple.product-type.application";
		};
/* End PBXNativeTarget section */

/* Begin PBXProject section */
		728C03D214BEA2B500556DAD /* Project object */ = {
			isa = PBXProject;
			attributes = {
				LastUpgradeCheck = 0420;
				ORGANIZATIONNAME = "University of Waterloo";
			};
			buildConfigurationList = 728C03D514BEA2B500556DAD /* Build configuration list for PBXProject "ImgurViewer" */;
			compatibilityVersion = "Xcode 3.2";
			developmentRegion = English;
			hasScannedForEncodings = 0;
			knownRegions = (
				en,
			);
			mainGroup = 728C03D014BEA2B500556DAD;
			productRefGroup = 728C03DC14BEA2B500556DAD /* Products */;
			projectDirPath = "";
			projectRoot = "";
			targets = (
				728C03DA14BEA2B500556DAD /* ImgurViewer */,
			);
		};
/* End PBXProject section */

/* Begin PBXResourcesBuildPhase section */
		728C03D914BEA2B500556DAD /* Resources */ = {
			isa = PBXResourcesBuildPhase;
			buildActionMask = 2147483647;
			files = (
				728C03EA14BEA2B500556DAD /* InfoPlist.strings in Resources */,
				728C03F614BEA2B500556DAD /* ViewController.xib in Resources */,
				72EBE76114BEA8B00066C85E /* background.png in Resources */,
				72FF7E0514BF87350068EAB4 /* CaptionViewController.xib in Resources */,
				72FF7E1214C02C480068EAB4 /* Imgur_Logo.png in Resources */,
				722E089414C0D8C400BC446D /* GallerryPickerViewController.xib in Resources */,
				72524AAB14C0EC3A0063C794 /* App Icon small.png in Resources */,
				72524AAC14C0EC3A0063C794 /* App Icon.png in Resources */,
				72CC7BF914C64DAB00E4091C /* loading_background.png in Resources */,
			);
			runOnlyForDeploymentPostprocessing = 0;
		};
/* End PBXResourcesBuildPhase section */

/* Begin PBXSourcesBuildPhase section */
		728C03D714BEA2B500556DAD /* Sources */ = {
			isa = PBXSourcesBuildPhase;
			buildActionMask = 2147483647;
			files = (
				728C03EC14BEA2B500556DAD /* main.m in Sources */,
				728C03F014BEA2B500556DAD /* AppDelegate.m in Sources */,
				728C03F314BEA2B500556DAD /* ViewController.m in Sources */,
				72EBE74D14BEA6F60066C85E /* NSObject+SBJson.m in Sources */,
				72EBE74E14BEA6F60066C85E /* SBJsonParser.m in Sources */,
				72EBE74F14BEA6F60066C85E /* SBJsonStreamParser.m in Sources */,
				72EBE75014BEA6F60066C85E /* SBJsonStreamParserAccumulator.m in Sources */,
				72EBE75114BEA6F60066C85E /* SBJsonStreamParserAdapter.m in Sources */,
				72EBE75214BEA6F60066C85E /* SBJsonStreamParserState.m in Sources */,
				72EBE75314BEA6F60066C85E /* SBJsonStreamWriter.m in Sources */,
				72EBE75414BEA6F60066C85E /* SBJsonStreamWriterAccumulator.m in Sources */,
				72EBE75514BEA6F60066C85E /* SBJsonStreamWriterState.m in Sources */,
				72EBE75614BEA6F60066C85E /* SBJsonTokeniser.m in Sources */,
				72EBE75714BEA6F60066C85E /* SBJsonUTF8Stream.m in Sources */,
				72EBE75814BEA6F60066C85E /* SBJsonWriter.m in Sources */,
				72FF7E0414BF87350068EAB4 /* CaptionViewController.m in Sources */,
				722E089314C0D8C400BC446D /* GallerryPickerViewController.m in Sources */,
			);
			runOnlyForDeploymentPostprocessing = 0;
		};
/* End PBXSourcesBuildPhase section */

/* Begin PBXVariantGroup section */
		728C03E814BEA2B500556DAD /* InfoPlist.strings */ = {
			isa = PBXVariantGroup;
			children = (
				728C03E914BEA2B500556DAD /* en */,
			);
			name = InfoPlist.strings;
			sourceTree = "<group>";
		};
		728C03F414BEA2B500556DAD /* ViewController.xib */ = {
			isa = PBXVariantGroup;
			children = (
				728C03F514BEA2B500556DAD /* en */,
			);
			name = ViewController.xib;
			sourceTree = "<group>";
		};
/* End PBXVariantGroup section */

/* Begin XCBuildConfiguration section */
		728C03F714BEA2B500556DAD /* Debug */ = {
			isa = XCBuildConfiguration;
			buildSettings = {
				ALWAYS_SEARCH_USER_PATHS = NO;
				ARCHS = "$(ARCHS_STANDARD_32_BIT)";
				CLANG_ENABLE_OBJC_ARC = YES;
				"CODE_SIGN_IDENTITY[sdk=iphoneos*]" = "iPhone Developer";
				COPY_PHASE_STRIP = NO;
				GCC_C_LANGUAGE_STANDARD = gnu99;
				GCC_DYNAMIC_NO_PIC = NO;
				GCC_OPTIMIZATION_LEVEL = 0;
				GCC_PREPROCESSOR_DEFINITIONS = (
					"DEBUG=1",
					"$(inherited)",
				);
				GCC_SYMBOLS_PRIVATE_EXTERN = NO;
				GCC_VERSION = com.apple.compilers.llvm.clang.1_0;
				GCC_WARN_ABOUT_MISSING_PROTOTYPES = YES;
				GCC_WARN_ABOUT_RETURN_TYPE = YES;
				GCC_WARN_UNUSED_VARIABLE = YES;
				IPHONEOS_DEPLOYMENT_TARGET = 4.0;
				SDKROOT = iphoneos;
			};
			name = Debug;
		};
		728C03F814BEA2B500556DAD /* Release */ = {
			isa = XCBuildConfiguration;
			buildSettings = {
				ALWAYS_SEARCH_USER_PATHS = NO;
				ARCHS = "$(ARCHS_STANDARD_32_BIT)";
				CLANG_ENABLE_OBJC_ARC = YES;
				"CODE_SIGN_IDENTITY[sdk=iphoneos*]" = "iPhone Developer";
				COPY_PHASE_STRIP = YES;
				GCC_C_LANGUAGE_STANDARD = gnu99;
				GCC_VERSION = com.apple.compilers.llvm.clang.1_0;
				GCC_WARN_ABOUT_MISSING_PROTOTYPES = YES;
				GCC_WARN_ABOUT_RETURN_TYPE = YES;
				GCC_WARN_UNUSED_VARIABLE = YES;
				IPHONEOS_DEPLOYMENT_TARGET = 4.0;
				OTHER_CFLAGS = "-DNS_BLOCK_ASSERTIONS=1";
				SDKROOT = iphoneos;
				VALIDATE_PRODUCT = YES;
			};
			name = Release;
		};
		728C03FA14BEA2B500556DAD /* Debug */ = {
			isa = XCBuildConfiguration;
			buildSettings = {
				CODE_SIGN_IDENTITY = "iPhone Developer: Varun  Goyal (9MPAAPRTSY)";
				"CODE_SIGN_IDENTITY[sdk=iphoneos*]" = "iPhone Developer: Varun  Goyal (9MPAAPRTSY)";
				GCC_PRECOMPILE_PREFIX_HEADER = YES;
				GCC_PREFIX_HEADER = "Webbb/ImgurViewer-Prefix.pch";
				INFOPLIST_FILE = "Webbb/ImgurViewer-Info.plist";
				IPHONEOS_DEPLOYMENT_TARGET = 5.0;
				PRODUCT_NAME = ImgurViewer;
				PROVISIONING_PROFILE = "C9F0ABDF-A1F6-4467-BB1C-B9C8DA1145E6";
				"PROVISIONING_PROFILE[sdk=iphoneos*]" = "C9F0ABDF-A1F6-4467-BB1C-B9C8DA1145E6";
				TARGETED_DEVICE_FAMILY = 1;
				WRAPPER_EXTENSION = app;
			};
			name = Debug;
		};
		728C03FB14BEA2B500556DAD /* Release */ = {
			isa = XCBuildConfiguration;
			buildSettings = {
				CODE_SIGN_IDENTITY = "iPhone Developer: Varun  Goyal (9MPAAPRTSY)";
				"CODE_SIGN_IDENTITY[sdk=iphoneos*]" = "iPhone Developer: Varun  Goyal (9MPAAPRTSY)";
				GCC_PRECOMPILE_PREFIX_HEADER = YES;
				GCC_PREFIX_HEADER = "Webbb/ImgurViewer-Prefix.pch";
				INFOPLIST_FILE = "Webbb/ImgurViewer-Info.plist";
				IPHONEOS_DEPLOYMENT_TARGET = 5.0;
				PRODUCT_NAME = ImgurViewer;
				PROVISIONING_PROFILE = "C9F0ABDF-A1F6-4467-BB1C-B9C8DA1145E6";
				"PROVISIONING_PROFILE[sdk=iphoneos*]" = "C9F0ABDF-A1F6-4467-BB1C-B9C8DA1145E6";
				TARGETED_DEVICE_FAMILY = 1;
				WRAPPER_EXTENSION = app;
			};
			name = Release;
		};
/* End XCBuildConfiguration section */

/* Begin XCConfigurationList section */
		728C03D514BEA2B500556DAD /* Build configuration list for PBXProject "ImgurViewer" */ = {
			isa = XCConfigurationList;
			buildConfigurations = (
				728C03F714BEA2B500556DAD /* Debug */,
				728C03F814BEA2B500556DAD /* Release */,
			);
			defaultConfigurationIsVisible = 0;
			defaultConfigurationName = Release;
		};
		728C03F914BEA2B500556DAD /* Build configuration list for PBXNativeTarget "ImgurViewer" */ = {
			isa = XCConfigurationList;
			buildConfigurations = (
				728C03FA14BEA2B500556DAD /* Debug */,
				728C03FB14BEA2B500556DAD /* Release */,
			);
			defaultConfigurationIsVisible = 0;
			defaultConfigurationName = Release;
		};
/* End XCConfigurationList section */
	};
	rootObject = 728C03D214BEA2B500556DAD /* Project object */;
}
